{
  "name": "student-answer-client",
  "version": "1.0.0",
  "lockfileVersion": 1,
  "requires": true,
  "dependencies": {
    "axios": {
      "version": "0.20.0",
      "resolved": "https://registry.npm.taobao.org/axios/download/axios-0.20.0.tgz?cache=0&sync_timestamp=1597979633356&other_urls=https%3A%2F%2Fregistry.npm.taobao.org%2Faxios%2Fdownload%2Faxios-0.20.0.tgz",
      "integrity": "sha1-BXujDwSIRpSZOozQf6OUz/EcUL0=",
      "requires": {
        "follow-redirects": "^1.10.0"
      }
    },
    "follow-redirects": {
      "version": "1.13.0",
      "resolved": "https://registry.npm.taobao.org/follow-redirects/download/follow-redirects-1.13.0.tgz",
      "integrity": "sha1-tC6Nk6Kn7qXtiGM2dtZZe8jjhNs="
    },
    "recorder-core": {
      "version": "1.1.20062600",
      "resolved": "https://registry.npm.taobao.org/recorder-core/download/recorder-core-1.1.20062600.tgz",
      "integrity": "sha1-26RD8B5uHd/tZ+MEdp1XPI5wmps="
    },
    "uview-ui": {
      "version": "1.5.0",
      "resolved": "https://registry.npm.taobao.org/uview-ui/download/uview-ui-1.5.0.tgz",
      "integrity": "sha1-ZiUOlTtPuOEd1Eb00HlvEbI0/nU="
    }
  }
}
