{
  "name": "student-answer-client",
  "version": "1.0.0",
  "lockfileVersion": 1,
  "requires": true,
  "dependencies": {
    "dayjs": {
      "version": "1.8.29",
      "resolved": "https://registry.npm.taobao.org/dayjs/download/dayjs-1.8.29.tgz?cache=0&sync_timestamp=1593704767514&other_urls=https%3A%2F%2Fregistry.npm.taobao.org%2Fdayjs%2Fdownload%2Fdayjs-1.8.29.tgz",
      "integrity": "sha1-XSPjQd5r+9IGwBE20vsPAYd4IPU=",
      "dev": true
    },
    "driver.js": {
      "version": "0.9.8",
      "resolved": "https://registry.npm.taobao.org/driver.js/download/driver.js-0.9.8.tgz",
      "integrity": "sha1-SzJ/RTexybn7GUGd6GF0voIa4yo="
    },
    "uview-ui": {
      "version": "1.5.0",
      "resolved": "https://registry.npm.taobao.org/uview-ui/download/uview-ui-1.5.0.tgz",
      "integrity": "sha1-ZiUOlTtPuOEd1Eb00HlvEbI0/nU="
    }
  }
}
